
Microsoft Visual Studio Solution File, Format Version 12.00
# Visual Studio 14
VisualStudioVersion = 14.0.25420.1
MinimumVisualStudioVersion = 10.0.40219.1
Project("{FAE04EC0-301F-11D3-BF4B-00C04F79EFBC}") = "Web.UI", "ProjectManagr\Web.UI.csproj", "{9F3296E6-4DCA-4159-8BE5-66A47F70F0E4}"
EndProject
Project("{FAE04EC0-301F-11D3-BF4B-00C04F79EFBC}") = "ProjectManagr.Tests", "ProjectManagr.Tests\ProjectManagr.Tests.csproj", "{5608B021-2A83-41BF-9079-9D08873EB2D7}"
EndProject
Project("{2150E333-8FDC-42A3-9474-1A3956D46DE8}") = "MiddleTier", "MiddleTier", "{CAFB8A75-6803-4F4A-AE7A-04B0302639DA}"
EndProject
Project("{2150E333-8FDC-42A3-9474-1A3956D46DE8}") = "Online", "Online", "{D75EA2DB-F3DE-41D2-B85B-0750708203A6}"
EndProject
Project("{2150E333-8FDC-42A3-9474-1A3956D46DE8}") = "UnitTest", "UnitTest", "{FBD6FC7C-2BBC-42F1-A823-391A92D17CDF}"
EndProject
Project("{FAE04EC0-301F-11D3-BF4B-00C04F79EFBC}") = "Models", "Models\Models.csproj", "{1565AE50-18F9-45A3-978C-2E3261BB042F}"
EndProject
Project("{FAE04EC0-301F-11D3-BF4B-00C04F79EFBC}") = "ServiceInterfaces", "ServiceInterfaces\ServiceInterfaces.csproj", "{77EBA7B8-BFE2-4D2C-A813-2425D25C3FF8}"
EndProject
Project("{FAE04EC0-301F-11D3-BF4B-00C04F79EFBC}") = "Services", "Services\Services.csproj", "{5CEA19AD-B6C7-48F3-86CC-60B6124BE580}"
EndProject
Project("{FAE04EC0-301F-11D3-BF4B-00C04F79EFBC}") = "Repositories", "Repositories\Repositories.csproj", "{0DF84EC4-458F-4A15-A72D-73B0E5F5D4FB}"
EndProject
Project("{FAE04EC0-301F-11D3-BF4B-00C04F79EFBC}") = "Infrastructure", "Infrastructure\Infrastructure.csproj", "{37FFAE72-6DD9-4069-9C11-E80CF5EF7F29}"
EndProject
Project("{FAE04EC0-301F-11D3-BF4B-00C04F79EFBC}") = "RepositoryInterfaces", "RepositoryInterfaces\RepositoryInterfaces.csproj", "{452B4653-29EE-4BC2-A76C-335DBAB0FAD3}"
EndProject
Project("{FAE04EC0-301F-11D3-BF4B-00C04F79EFBC}") = "Utilities", "Utilities\Utilities.csproj", "{3DC1DD36-A5BD-49BE-9E93-E40301B4FA65}"
EndProject
Global
	GlobalSection(SolutionConfigurationPlatforms) = preSolution
		Debug|Any CPU = Debug|Any CPU
		Release|Any CPU = Release|Any CPU
	EndGlobalSection
	GlobalSection(ProjectConfigurationPlatforms) = postSolution
		{9F3296E6-4DCA-4159-8BE5-66A47F70F0E4}.Debug|Any CPU.ActiveCfg = Debug|Any CPU
		{9F3296E6-4DCA-4159-8BE5-66A47F70F0E4}.Debug|Any CPU.Build.0 = Debug|Any CPU
		{9F3296E6-4DCA-4159-8BE5-66A47F70F0E4}.Release|Any CPU.ActiveCfg = Release|Any CPU
		{9F3296E6-4DCA-4159-8BE5-66A47F70F0E4}.Release|Any CPU.Build.0 = Release|Any CPU
		{5608B021-2A83-41BF-9079-9D08873EB2D7}.Debug|Any CPU.ActiveCfg = Debug|Any CPU
		{5608B021-2A83-41BF-9079-9D08873EB2D7}.Debug|Any CPU.Build.0 = Debug|Any CPU
		{5608B021-2A83-41BF-9079-9D08873EB2D7}.Release|Any CPU.ActiveCfg = Release|Any CPU
		{5608B021-2A83-41BF-9079-9D08873EB2D7}.Release|Any CPU.Build.0 = Release|Any CPU
		{1565AE50-18F9-45A3-978C-2E3261BB042F}.Debug|Any CPU.ActiveCfg = Debug|Any CPU
		{1565AE50-18F9-45A3-978C-2E3261BB042F}.Debug|Any CPU.Build.0 = Debug|Any CPU
		{1565AE50-18F9-45A3-978C-2E3261BB042F}.Release|Any CPU.ActiveCfg = Release|Any CPU
		{1565AE50-18F9-45A3-978C-2E3261BB042F}.Release|Any CPU.Build.0 = Release|Any CPU
		{77EBA7B8-BFE2-4D2C-A813-2425D25C3FF8}.Debug|Any CPU.ActiveCfg = Debug|Any CPU
		{77EBA7B8-BFE2-4D2C-A813-2425D25C3FF8}.Debug|Any CPU.Build.0 = Debug|Any CPU
		{77EBA7B8-BFE2-4D2C-A813-2425D25C3FF8}.Release|Any CPU.ActiveCfg = Release|Any CPU
		{77EBA7B8-BFE2-4D2C-A813-2425D25C3FF8}.Release|Any CPU.Build.0 = Release|Any CPU
		{5CEA19AD-B6C7-48F3-86CC-60B6124BE580}.Debug|Any CPU.ActiveCfg = Debug|Any CPU
		{5CEA19AD-B6C7-48F3-86CC-60B6124BE580}.Debug|Any CPU.Build.0 = Debug|Any CPU
		{5CEA19AD-B6C7-48F3-86CC-60B6124BE580}.Release|Any CPU.ActiveCfg = Release|Any CPU
		{5CEA19AD-B6C7-48F3-86CC-60B6124BE580}.Release|Any CPU.Build.0 = Release|Any CPU
		{0DF84EC4-458F-4A15-A72D-73B0E5F5D4FB}.Debug|Any CPU.ActiveCfg = Debug|Any CPU
		{0DF84EC4-458F-4A15-A72D-73B0E5F5D4FB}.Debug|Any CPU.Build.0 = Debug|Any CPU
		{0DF84EC4-458F-4A15-A72D-73B0E5F5D4FB}.Release|Any CPU.ActiveCfg = Release|Any CPU
		{0DF84EC4-458F-4A15-A72D-73B0E5F5D4FB}.Release|Any CPU.Build.0 = Release|Any CPU
		{37FFAE72-6DD9-4069-9C11-E80CF5EF7F29}.Debug|Any CPU.ActiveCfg = Debug|Any CPU
		{37FFAE72-6DD9-4069-9C11-E80CF5EF7F29}.Debug|Any CPU.Build.0 = Debug|Any CPU
		{37FFAE72-6DD9-4069-9C11-E80CF5EF7F29}.Release|Any CPU.ActiveCfg = Release|Any CPU
		{37FFAE72-6DD9-4069-9C11-E80CF5EF7F29}.Release|Any CPU.Build.0 = Release|Any CPU
		{452B4653-29EE-4BC2-A76C-335DBAB0FAD3}.Debug|Any CPU.ActiveCfg = Debug|Any CPU
		{452B4653-29EE-4BC2-A76C-335DBAB0FAD3}.Debug|Any CPU.Build.0 = Debug|Any CPU
		{452B4653-29EE-4BC2-A76C-335DBAB0FAD3}.Release|Any CPU.ActiveCfg = Release|Any CPU
		{452B4653-29EE-4BC2-A76C-335DBAB0FAD3}.Release|Any CPU.Build.0 = Release|Any CPU
		{3DC1DD36-A5BD-49BE-9E93-E40301B4FA65}.Debug|Any CPU.ActiveCfg = Debug|Any CPU
		{3DC1DD36-A5BD-49BE-9E93-E40301B4FA65}.Debug|Any CPU.Build.0 = Debug|Any CPU
		{3DC1DD36-A5BD-49BE-9E93-E40301B4FA65}.Release|Any CPU.ActiveCfg = Release|Any CPU
		{3DC1DD36-A5BD-49BE-9E93-E40301B4FA65}.Release|Any CPU.Build.0 = Release|Any CPU
	EndGlobalSection
	GlobalSection(SolutionProperties) = preSolution
		HideSolutionNode = FALSE
	EndGlobalSection
	GlobalSection(NestedProjects) = preSolution
		{9F3296E6-4DCA-4159-8BE5-66A47F70F0E4} = {D75EA2DB-F3DE-41D2-B85B-0750708203A6}
		{5608B021-2A83-41BF-9079-9D08873EB2D7} = {FBD6FC7C-2BBC-42F1-A823-391A92D17CDF}
		{1565AE50-18F9-45A3-978C-2E3261BB042F} = {CAFB8A75-6803-4F4A-AE7A-04B0302639DA}
		{77EBA7B8-BFE2-4D2C-A813-2425D25C3FF8} = {CAFB8A75-6803-4F4A-AE7A-04B0302639DA}
		{5CEA19AD-B6C7-48F3-86CC-60B6124BE580} = {CAFB8A75-6803-4F4A-AE7A-04B0302639DA}
		{0DF84EC4-458F-4A15-A72D-73B0E5F5D4FB} = {CAFB8A75-6803-4F4A-AE7A-04B0302639DA}
		{37FFAE72-6DD9-4069-9C11-E80CF5EF7F29} = {CAFB8A75-6803-4F4A-AE7A-04B0302639DA}
		{452B4653-29EE-4BC2-A76C-335DBAB0FAD3} = {CAFB8A75-6803-4F4A-AE7A-04B0302639DA}
		{3DC1DD36-A5BD-49BE-9E93-E40301B4FA65} = {CAFB8A75-6803-4F4A-AE7A-04B0302639DA}
	EndGlobalSection
EndGlobal
